
Microsoft Visual Studio Solution File, Format Version 12.00
# Visual Studio Version 17
VisualStudioVersion = 17.9.34607.119
MinimumVisualStudioVersion = 10.0.40219.1
Project("{FAE04EC0-301F-11D3-BF4B-00C04F79EFBC}") = "JAGS.ManipulacionEnCadena", "JAGS.ManipulacionEnCadena\JAGS.ManipulacionEnCadena.csproj", "{301EFCD1-5A61-4ADE-8F65-BD1A45EA04D3}"
EndProject
Global
	GlobalSection(SolutionConfigurationPlatforms) = preSolution
		Debug|Any CPU = Debug|Any CPU
		Release|Any CPU = Release|Any CPU
	EndGlobalSection
	GlobalSection(ProjectConfigurationPlatforms) = postSolution
		{301EFCD1-5A61-4ADE-8F65-BD1A45EA04D3}.Debug|Any CPU.ActiveCfg = Debug|Any CPU
		{301EFCD1-5A61-4ADE-8F65-BD1A45EA04D3}.Debug|Any CPU.Build.0 = Debug|Any CPU
		{301EFCD1-5A61-4ADE-8F65-BD1A45EA04D3}.Release|Any CPU.ActiveCfg = Release|Any CPU
		{301EFCD1-5A61-4ADE-8F65-BD1A45EA04D3}.Release|Any CPU.Build.0 = Release|Any CPU
	EndGlobalSection
	GlobalSection(SolutionProperties) = preSolution
		HideSolutionNode = FALSE
	EndGlobalSection
	GlobalSection(ExtensibilityGlobals) = postSolution
		SolutionGuid = {3EB26FF8-C4D7-452A-BFA3-A3B94D95E1B5}
	EndGlobalSection
EndGlobal
